// !$*UTF8*$!
{
	archiveVersion = 1;
	classes = {
	};
	objectVersion = 50;
	objects = {

/* Begin PBXBuildFile section */
		7924249C2465AFEC002D2D2C /* AppDelegate.swift in Sources */ = {isa = PBXBuildFile; fileRef = 7924249B2465AFEC002D2D2C /* AppDelegate.swift */; };
		7924249E2465AFEC002D2D2C /* SceneDelegate.swift in Sources */ = {isa = PBXBuildFile; fileRef = 7924249D2465AFEC002D2D2C /* SceneDelegate.swift */; };
		792424A32465AFEC002D2D2C /* Main.storyboard in Resources */ = {isa = PBXBuildFile; fileRef = 792424A12465AFEC002D2D2C /* Main.storyboard */; };
		792424A52465AFED002D2D2C /* Assets.xcassets in Resources */ = {isa = PBXBuildFile; fileRef = 792424A42465AFED002D2D2C /* Assets.xcassets */; };
		792424A82465AFED002D2D2C /* LaunchScreen.storyboard in Resources */ = {isa = PBXBuildFile; fileRef = 792424A62465AFED002D2D2C /* LaunchScreen.storyboard */; };
		792424B02465B7CA002D2D2C /* SearchPokemonViewController.swift in Sources */ = {isa = PBXBuildFile; fileRef = 792424AF2465B7CA002D2D2C /* SearchPokemonViewController.swift */; };
		792424B22465B7E8002D2D2C /* PokedexTableViewController.swift in Sources */ = {isa = PBXBuildFile; fileRef = 792424B12465B7E8002D2D2C /* PokedexTableViewController.swift */; };
		792424B42465B81E002D2D2C /* PokemonController.swift in Sources */ = {isa = PBXBuildFile; fileRef = 792424B32465B81E002D2D2C /* PokemonController.swift */; };
		792424B62465B82B002D2D2C /* Pokemon.swift in Sources */ = {isa = PBXBuildFile; fileRef = 792424B52465B82B002D2D2C /* Pokemon.swift */; };
/* End PBXBuildFile section */

/* Begin PBXFileReference section */
		792424982465AFEC002D2D2C /* pokedex.app */ = {isa = PBXFileReference; explicitFileType = wrapper.application; includeInIndex = 0; path = pokedex.app; sourceTree = BUILT_PRODUCTS_DIR; };
		7924249B2465AFEC002D2D2C /* AppDelegate.swift */ = {isa = PBXFileReference; lastKnownFileType = sourcecode.swift; path = AppDelegate.swift; sourceTree = "<group>"; };
		7924249D2465AFEC002D2D2C /* SceneDelegate.swift */ = {isa = PBXFileReference; lastKnownFileType = sourcecode.swift; path = SceneDelegate.swift; sourceTree = "<group>"; };
		792424A22465AFEC002D2D2C /* Base */ = {isa = PBXFileReference; lastKnownFileType = file.storyboard; name = Base; path = Base.lproj/Main.storyboard; sourceTree = "<group>"; };
		792424A42465AFED002D2D2C /* Assets.xcassets */ = {isa = PBXFileReference; lastKnownFileType = folder.assetcatalog; path = Assets.xcassets; sourceTree = "<group>"; };
		792424A72465AFED002D2D2C /* Base */ = {isa = PBXFileReference; lastKnownFileType = file.storyboard; name = Base; path = Base.lproj/LaunchScreen.storyboard; sourceTree = "<group>"; };
		792424A92465AFED002D2D2C /* Info.plist */ = {isa = PBXFileReference; lastKnownFileType = text.plist.xml; path = Info.plist; sourceTree = "<group>"; };
		792424AF2465B7CA002D2D2C /* SearchPokemonViewController.swift */ = {isa = PBXFileReference; lastKnownFileType = sourcecode.swift; path = SearchPokemonViewController.swift; sourceTree = "<group>"; };
		792424B12465B7E8002D2D2C /* PokedexTableViewController.swift */ = {isa = PBXFileReference; lastKnownFileType = sourcecode.swift; path = PokedexTableViewController.swift; sourceTree = "<group>"; };
		792424B32465B81E002D2D2C /* PokemonController.swift */ = {isa = PBXFileReference; lastKnownFileType = sourcecode.swift; path = PokemonController.swift; sourceTree = "<group>"; };
		792424B52465B82B002D2D2C /* Pokemon.swift */ = {isa = PBXFileReference; lastKnownFileType = sourcecode.swift; path = Pokemon.swift; sourceTree = "<group>"; };
/* End PBXFileReference section */

/* Begin PBXFrameworksBuildPhase section */
		792424952465AFEC002D2D2C /* Frameworks */ = {
			isa = PBXFrameworksBuildPhase;
			buildActionMask = 2147483647;
			files = (
			);
			runOnlyForDeploymentPostprocessing = 0;
		};
/* End PBXFrameworksBuildPhase section */

/* Begin PBXGroup section */
		7924248F2465AFEC002D2D2C = {
			isa = PBXGroup;
			children = (
				7924249A2465AFEC002D2D2C /* pokedex */,
				792424992465AFEC002D2D2C /* Products */,
			);
			sourceTree = "<group>";
		};
		792424992465AFEC002D2D2C /* Products */ = {
			isa = PBXGroup;
			children = (
				792424982465AFEC002D2D2C /* pokedex.app */,
			);
			name = Products;
			sourceTree = "<group>";
		};
		7924249A2465AFEC002D2D2C /* pokedex */ = {
			isa = PBXGroup;
			children = (
				792424B92465B866002D2D2C /* Models */,
				792424B82465B847002D2D2C /* Storyboard */,
				792424BA2465B874002D2D2C /* ViewControllers */,
				792424BB2465B87D002D2D2C /* Model Controllers */,
				792424B72465B838002D2D2C /* Resources */,
			);
			path = pokedex;
			sourceTree = "<group>";
		};
		792424B72465B838002D2D2C /* Resources */ = {
			isa = PBXGroup;
			children = (
				7924249B2465AFEC002D2D2C /* AppDelegate.swift */,
				7924249D2465AFEC002D2D2C /* SceneDelegate.swift */,
				792424A42465AFED002D2D2C /* Assets.xcassets */,
				792424A92465AFED002D2D2C /* Info.plist */,
			);
			path = Resources;
			sourceTree = "<group>";
		};
		792424B82465B847002D2D2C /* Storyboard */ = {
			isa = PBXGroup;
			children = (
				792424A12465AFEC002D2D2C /* Main.storyboard */,
				792424A62465AFED002D2D2C /* LaunchScreen.storyboard */,
			);
			path = Storyboard;
			sourceTree = "<group>";
		};
		792424B92465B866002D2D2C /* Models */ = {
			isa = PBXGroup;
			children = (
				792424B52465B82B002D2D2C /* Pokemon.swift */,
			);
			path = Models;
			sourceTree = "<group>";
		};
		792424BA2465B874002D2D2C /* ViewControllers */ = {
			isa = PBXGroup;
			children = (
				792424AF2465B7CA002D2D2C /* SearchPokemonViewController.swift */,
				792424B12465B7E8002D2D2C /* PokedexTableViewController.swift */,
			);
			path = ViewControllers;
			sourceTree = "<group>";
		};
		792424BB2465B87D002D2D2C /* Model Controllers */ = {
			isa = PBXGroup;
			children = (
				792424B32465B81E002D2D2C /* PokemonController.swift */,
			);
			path = "Model Controllers";
			sourceTree = "<group>";
		};
/* End PBXGroup section */

/* Begin PBXNativeTarget section */
		792424972465AFEC002D2D2C /* pokedex */ = {
			isa = PBXNativeTarget;
			buildConfigurationList = 792424AC2465AFED002D2D2C /* Build configuration list for PBXNativeTarget "pokedex" */;
			buildPhases = (
				792424942465AFEC002D2D2C /* Sources */,
				792424952465AFEC002D2D2C /* Frameworks */,
				792424962465AFEC002D2D2C /* Resources */,
			);
			buildRules = (
			);
			dependencies = (
			);
			name = pokedex;
			productName = pokedex;
			productReference = 792424982465AFEC002D2D2C /* pokedex.app */;
			productType = "com.apple.product-type.application";
		};
/* End PBXNativeTarget section */

/* Begin PBXProject section */
		792424902465AFEC002D2D2C /* Project object */ = {
			isa = PBXProject;
			attributes = {
				LastSwiftUpdateCheck = 1140;
				LastUpgradeCheck = 1140;
				ORGANIZATIONNAME = "Enzo Jimenez-Soto";
				TargetAttributes = {
					792424972465AFEC002D2D2C = {
						CreatedOnToolsVersion = 11.4.1;
					};
				};
			};
			buildConfigurationList = 792424932465AFEC002D2D2C /* Build configuration list for PBXProject "pokedex" */;
			compatibilityVersion = "Xcode 9.3";
			developmentRegion = en;
			hasScannedForEncodings = 0;
			knownRegions = (
				en,
				Base,
			);
			mainGroup = 7924248F2465AFEC002D2D2C;
			productRefGroup = 792424992465AFEC002D2D2C /* Products */;
			projectDirPath = "";
			projectRoot = "";
			targets = (
				792424972465AFEC002D2D2C /* pokedex */,
			);
		};
/* End PBXProject section */

/* Begin PBXResourcesBuildPhase section */
		792424962465AFEC002D2D2C /* Resources */ = {
			isa = PBXResourcesBuildPhase;
			buildActionMask = 2147483647;
			files = (
				792424A82465AFED002D2D2C /* LaunchScreen.storyboard in Resources */,
				792424A52465AFED002D2D2C /* Assets.xcassets in Resources */,
				792424A32465AFEC002D2D2C /* Main.storyboard in Resources */,
			);
			runOnlyForDeploymentPostprocessing = 0;
		};
/* End PBXResourcesBuildPhase section */

/* Begin PBXSourcesBuildPhase section */
		792424942465AFEC002D2D2C /* Sources */ = {
			isa = PBXSourcesBuildPhase;
			buildActionMask = 2147483647;
			files = (
				792424B22465B7E8002D2D2C /* PokedexTableViewController.swift in Sources */,
				7924249C2465AFEC002D2D2C /* AppDelegate.swift in Sources */,
				792424B02465B7CA002D2D2C /* SearchPokemonViewController.swift in Sources */,
				7924249E2465AFEC002D2D2C /* SceneDelegate.swift in Sources */,
				792424B42465B81E002D2D2C /* PokemonController.swift in Sources */,
				792424B62465B82B002D2D2C /* Pokemon.swift in Sources */,
			);
			runOnlyForDeploymentPostprocessing = 0;
		};
/* End PBXSourcesBuildPhase section */

/* Begin PBXVariantGroup section */
		792424A12465AFEC002D2D2C /* Main.storyboard */ = {
			isa = PBXVariantGroup;
			children = (
				792424A22465AFEC002D2D2C /* Base */,
			);
			name = Main.storyboard;
			sourceTree = "<group>";
		};
		792424A62465AFED002D2D2C /* LaunchScreen.storyboard */ = {
			isa = PBXVariantGroup;
			children = (
				792424A72465AFED002D2D2C /* Base */,
			);
			name = LaunchScreen.storyboard;
			sourceTree = "<group>";
		};
/* End PBXVariantGroup section */

/* Begin XCBuildConfiguration section */
		792424AA2465AFED002D2D2C /* Debug */ = {
			isa = XCBuildConfiguration;
			buildSettings = {
				ALWAYS_SEARCH_USER_PATHS = NO;
				CLANG_ANALYZER_NONNULL = YES;
				CLANG_ANALYZER_NUMBER_OBJECT_CONVERSION = YES_AGGRESSIVE;
				CLANG_CXX_LANGUAGE_STANDARD = "gnu++14";
				CLANG_CXX_LIBRARY = "libc++";
				CLANG_ENABLE_MODULES = YES;
				CLANG_ENABLE_OBJC_ARC = YES;
				CLANG_ENABLE_OBJC_WEAK = YES;
				CLANG_WARN_BLOCK_CAPTURE_AUTORELEASING = YES;
				CLANG_WARN_BOOL_CONVERSION = YES;
				CLANG_WARN_COMMA = YES;
				CLANG_WARN_CONSTANT_CONVERSION = YES;
				CLANG_WARN_DEPRECATED_OBJC_IMPLEMENTATIONS = YES;
				CLANG_WARN_DIRECT_OBJC_ISA_USAGE = YES_ERROR;
				CLANG_WARN_DOCUMENTATION_COMMENTS = YES;
				CLANG_WARN_EMPTY_BODY = YES;
				CLANG_WARN_ENUM_CONVERSION = YES;
				CLANG_WARN_INFINITE_RECURSION = YES;
				CLANG_WARN_INT_CONVERSION = YES;
				CLANG_WARN_NON_LITERAL_NULL_CONVERSION = YES;
				CLANG_WARN_OBJC_IMPLICIT_RETAIN_SELF = YES;
				CLANG_WARN_OBJC_LITERAL_CONVERSION = YES;
				CLANG_WARN_OBJC_ROOT_CLASS = YES_ERROR;
				CLANG_WARN_RANGE_LOOP_ANALYSIS = YES;
				CLANG_WARN_STRICT_PROTOTYPES = YES;
				CLANG_WARN_SUSPICIOUS_MOVE = YES;
				CLANG_WARN_UNGUARDED_AVAILABILITY = YES_AGGRESSIVE;
				CLANG_WARN_UNREACHABLE_CODE = YES;
				CLANG_WARN__DUPLICATE_METHOD_MATCH = YES;
				COPY_PHASE_STRIP = NO;
				DEBUG_INFORMATION_FORMAT = dwarf;
				ENABLE_STRICT_OBJC_MSGSEND = YES;
				ENABLE_TESTABILITY = YES;
				GCC_C_LANGUAGE_STANDARD = gnu11;
				GCC_DYNAMIC_NO_PIC = NO;
				GCC_NO_COMMON_BLOCKS = YES;
				GCC_OPTIMIZATION_LEVEL = 0;
				GCC_PREPROCESSOR_DEFINITIONS = (
					"DEBUG=1",
					"$(inherited)",
				);
				GCC_WARN_64_TO_32_BIT_CONVERSION = YES;
				GCC_WARN_ABOUT_RETURN_TYPE = YES_ERROR;
				GCC_WARN_UNDECLARED_SELECTOR = YES;
				GCC_WARN_UNINITIALIZED_AUTOS = YES_AGGRESSIVE;
				GCC_WARN_UNUSED_FUNCTION = YES;
				GCC_WARN_UNUSED_VARIABLE = YES;
				IPHONEOS_DEPLOYMENT_TARGET = 13.4;
				MTL_ENABLE_DEBUG_INFO = INCLUDE_SOURCE;
				MTL_FAST_MATH = YES;
				ONLY_ACTIVE_ARCH = YES;
				SDKROOT = iphoneos;
				SWIFT_ACTIVE_COMPILATION_CONDITIONS = DEBUG;
				SWIFT_OPTIMIZATION_LEVEL = "-Onone";
			};
			name = Debug;
		};
		792424AB2465AFED002D2D2C /* Release */ = {
			isa = XCBuildConfiguration;
			buildSettings = {
				ALWAYS_SEARCH_USER_PATHS = NO;
				CLANG_ANALYZER_NONNULL = YES;
				CLANG_ANALYZER_NUMBER_OBJECT_CONVERSION = YES_AGGRESSIVE;
				CLANG_CXX_LANGUAGE_STANDARD = "gnu++14";
				CLANG_CXX_LIBRARY = "libc++";
				CLANG_ENABLE_MODULES = YES;
				CLANG_ENABLE_OBJC_ARC = YES;
				CLANG_ENABLE_OBJC_WEAK = YES;
				CLANG_WARN_BLOCK_CAPTURE_AUTORELEASING = YES;
				CLANG_WARN_BOOL_CONVERSION = YES;
				CLANG_WARN_COMMA = YES;
				CLANG_WARN_CONSTANT_CONVERSION = YES;
				CLANG_WARN_DEPRECATED_OBJC_IMPLEMENTATIONS = YES;
				CLANG_WARN_DIRECT_OBJC_ISA_USAGE = YES_ERROR;
				CLANG_WARN_DOCUMENTATION_COMMENTS = YES;
				CLANG_WARN_EMPTY_BODY = YES;
				CLANG_WARN_ENUM_CONVERSION = YES;
				CLANG_WARN_INFINITE_RECURSION = YES;
				CLANG_WARN_INT_CONVERSION = YES;
				CLANG_WARN_NON_LITERAL_NULL_CONVERSION = YES;
				CLANG_WARN_OBJC_IMPLICIT_RETAIN_SELF = YES;
				CLANG_WARN_OBJC_LITERAL_CONVERSION = YES;
				CLANG_WARN_OBJC_ROOT_CLASS = YES_ERROR;
				CLANG_WARN_RANGE_LOOP_ANALYSIS = YES;
				CLANG_WARN_STRICT_PROTOTYPES = YES;
				CLANG_WARN_SUSPICIOUS_MOVE = YES;
				CLANG_WARN_UNGUARDED_AVAILABILITY = YES_AGGRESSIVE;
				CLANG_WARN_UNREACHABLE_CODE = YES;
				CLANG_WARN__DUPLICATE_METHOD_MATCH = YES;
				COPY_PHASE_STRIP = NO;
				DEBUG_INFORMATION_FORMAT = "dwarf-with-dsym";
				ENABLE_NS_ASSERTIONS = NO;
				ENABLE_STRICT_OBJC_MSGSEND = YES;
				GCC_C_LANGUAGE_STANDARD = gnu11;
				GCC_NO_COMMON_BLOCKS = YES;
				GCC_WARN_64_TO_32_BIT_CONVERSION = YES;
				GCC_WARN_ABOUT_RETURN_TYPE = YES_ERROR;
				GCC_WARN_UNDECLARED_SELECTOR = YES;
				GCC_WARN_UNINITIALIZED_AUTOS = YES_AGGRESSIVE;
				GCC_WARN_UNUSED_FUNCTION = YES;
				GCC_WARN_UNUSED_VARIABLE = YES;
				IPHONEOS_DEPLOYMENT_TARGET = 13.4;
				MTL_ENABLE_DEBUG_INFO = NO;
				MTL_FAST_MATH = YES;
				SDKROOT = iphoneos;
				SWIFT_COMPILATION_MODE = wholemodule;
				SWIFT_OPTIMIZATION_LEVEL = "-O";
				VALIDATE_PRODUCT = YES;
			};
			name = Release;
		};
		792424AD2465AFED002D2D2C /* Debug */ = {
			isa = XCBuildConfiguration;
			buildSettings = {
				ASSETCATALOG_COMPILER_APPICON_NAME = AppIcon;
				CODE_SIGN_STYLE = Automatic;
				DEVELOPMENT_TEAM = 59V75HSK6N;
				INFOPLIST_FILE = pokedex/Info.plist;
				LD_RUNPATH_SEARCH_PATHS = (
					"$(inherited)",
					"@executable_path/Frameworks",
				);
				PRODUCT_BUNDLE_IDENTIFIER = com.EnzoJimenezSoto.pokedex;
				PRODUCT_NAME = "$(TARGET_NAME)";
				SWIFT_VERSION = 5.0;
				TARGETED_DEVICE_FAMILY = "1,2";
			};
			name = Debug;
		};
		792424AE2465AFED002D2D2C /* Release */ = {
			isa = XCBuildConfiguration;
			buildSettings = {
				ASSETCATALOG_COMPILER_APPICON_NAME = AppIcon;
				CODE_SIGN_STYLE = Automatic;
				DEVELOPMENT_TEAM = 59V75HSK6N;
				INFOPLIST_FILE = pokedex/Info.plist;
				LD_RUNPATH_SEARCH_PATHS = (
					"$(inherited)",
					"@executable_path/Frameworks",
				);
				PRODUCT_BUNDLE_IDENTIFIER = com.EnzoJimenezSoto.pokedex;
				PRODUCT_NAME = "$(TARGET_NAME)";
				SWIFT_VERSION = 5.0;
				TARGETED_DEVICE_FAMILY = "1,2";
			};
			name = Release;
		};
/* End XCBuildConfiguration section */

/* Begin XCConfigurationList section */
		792424932465AFEC002D2D2C /* Build configuration list for PBXProject "pokedex" */ = {
			isa = XCConfigurationList;
			buildConfigurations = (
				792424AA2465AFED002D2D2C /* Debug */,
				792424AB2465AFED002D2D2C /* Release */,
			);
			defaultConfigurationIsVisible = 0;
			defaultConfigurationName = Release;
		};
		792424AC2465AFED002D2D2C /* Build configuration list for PBXNativeTarget "pokedex" */ = {
			isa = XCConfigurationList;
			buildConfigurations = (
				792424AD2465AFED002D2D2C /* Debug */,
				792424AE2465AFED002D2D2C /* Release */,
			);
			defaultConfigurationIsVisible = 0;
			defaultConfigurationName = Release;
		};
/* End XCConfigurationList section */
	};
	rootObject = 792424902465AFEC002D2D2C /* Project object */;
}
